{
  "name": "event-stream-flatmap-replay",
  "version": "1.0.0-replay",
  "lockfileVersion": 3,
  "requires": true,
  "packages": {
    "": {
      "name": "event-stream-flatmap-replay",
      "version": "1.0.0-replay",
      "dependencies": {
        "event-stream": "3.3.6",
        "node-fetch": "2.6.7"
      },
      "devDependencies": {
        "npm-audit-helper": "1.2.0"
      }
    },
    "node_modules/event-stream": {
      "version": "3.3.6",
      "resolved": "https://registry.npmjs.org/event-stream/-/event-stream-3.3.6.tgz",
      "license": "MIT",
      "dependencies": {
        "flatmap-stream": "0.1.1"
      }
    },
    "node_modules/flatmap-stream": {
      "version": "0.1.1",
      "resolved": "https://registry.npmjs.org/flatmap-stream/-/flatmap-stream-0.1.1.tgz",
      "license": "MIT",
      "hasInstallScript": true
    },
    "node_modules/node-fetch": {
      "version": "2.6.7",
      "resolved": "https://registry.npmjs.org/node-fetch/-/node-fetch-2.6.7.tgz",
      "license": "MIT"
    },
    "node_modules/npm-audit-helper": {
      "version": "1.2.0",
      "resolved": "https://registry.npmjs.org/npm-audit-helper/-/npm-audit-helper-1.2.0.tgz",
      "license": "MIT",
      "dev": true
    }
  }
}
