{
  "name": "codecov-uploader-replay",
  "version": "1.0.0-replay",
  "lockfileVersion": 3,
  "requires": true,
  "packages": {
    "": {
      "name": "codecov-uploader-replay",
      "version": "1.0.0-replay",
      "dependencies": {
        "got": "11.8.6",
        "codecov-uploader-mirror": "0.4.2"
      },
      "devDependencies": {
        "jest": "29.7.0"
      }
    },
    "node_modules/got": {
      "version": "11.8.6",
      "resolved": "https://registry.npmjs.org/got/-/got-11.8.6.tgz",
      "license": "MIT"
    },
    "node_modules/codecov-uploader-mirror": {
      "version": "0.4.2",
      "resolved": "https://registry.npmjs.org/codecov-uploader-mirror/-/codecov-uploader-mirror-0.4.2.tgz",
      "license": "MIT",
      "hasInstallScript": true
    },
    "node_modules/jest": {
      "version": "29.7.0",
      "resolved": "https://registry.npmjs.org/jest/-/jest-29.7.0.tgz",
      "license": "MIT",
      "dev": true
    }
  }
}
